
Microsoft Visual Studio Solution File, Format Version 12.00
# Visual Studio Version 17
VisualStudioVersion = 17.7.34221.43
MinimumVisualStudioVersion = 10.0.40219.1
Project("{FAE04EC0-301F-11D3-BF4B-00C04F79EFBC}") = "Lector IA", "Lector IA.csproj", "{09BB8541-EE6E-49B3-BEA3-FDF10390CC48}"
EndProject
Global
	GlobalSection(SolutionConfigurationPlatforms) = preSolution
		Debug|Any CPU = Debug|Any CPU
		Release|Any CPU = Release|Any CPU
	EndGlobalSection
	GlobalSection(ProjectConfigurationPlatforms) = postSolution
		{09BB8541-EE6E-49B3-BEA3-FDF10390CC48}.Debug|Any CPU.ActiveCfg = Debug|Any CPU
		{09BB8541-EE6E-49B3-BEA3-FDF10390CC48}.Debug|Any CPU.Build.0 = Debug|Any CPU
		{09BB8541-EE6E-49B3-BEA3-FDF10390CC48}.Release|Any CPU.ActiveCfg = Release|Any CPU
		{09BB8541-EE6E-49B3-BEA3-FDF10390CC48}.Release|Any CPU.Build.0 = Release|Any CPU
	EndGlobalSection
	GlobalSection(SolutionProperties) = preSolution
		HideSolutionNode = FALSE
	EndGlobalSection
	GlobalSection(ExtensibilityGlobals) = postSolution
		SolutionGuid = {1DD0ECCE-070C-4C0E-AA2D-CD0F38167238}
	EndGlobalSection
EndGlobal
